
Microsoft Visual Studio Solution File, Format Version 12.00
# Visual Studio Version 17
VisualStudioVersion = 17.3.32929.385
MinimumVisualStudioVersion = 10.0.40219.1
Project("{FAE04EC0-301F-11D3-BF4B-00C04F79EFBC}") = "cadenas_pract", "cadenas_pract\cadenas_pract.csproj", "{2D289E04-9889-4A36-AB8B-5F1536990FC8}"
EndProject
Global
	GlobalSection(SolutionConfigurationPlatforms) = preSolution
		Debug|Any CPU = Debug|Any CPU
		Release|Any CPU = Release|Any CPU
	EndGlobalSection
	GlobalSection(ProjectConfigurationPlatforms) = postSolution
		{2D289E04-9889-4A36-AB8B-5F1536990FC8}.Debug|Any CPU.ActiveCfg = Debug|Any CPU
		{2D289E04-9889-4A36-AB8B-5F1536990FC8}.Debug|Any CPU.Build.0 = Debug|Any CPU
		{2D289E04-9889-4A36-AB8B-5F1536990FC8}.Release|Any CPU.ActiveCfg = Release|Any CPU
		{2D289E04-9889-4A36-AB8B-5F1536990FC8}.Release|Any CPU.Build.0 = Release|Any CPU
	EndGlobalSection
	GlobalSection(SolutionProperties) = preSolution
		HideSolutionNode = FALSE
	EndGlobalSection
	GlobalSection(ExtensibilityGlobals) = postSolution
		SolutionGuid = {5C3E4300-7D9A-4F1B-97B6-617704ED1303}
	EndGlobalSection
EndGlobal
